// !$*UTF8*$!
{
	archiveVersion = 1;
	classes = {
	};
	objectVersion = 56;
	objects = {

/* Begin PBXBuildFile section */
		2B26956528FF1E6600EEF727 /* GoogleService-Info.plist in Resources */ = {isa = PBXBuildFile; fileRef = 2B26956428FF1E6600EEF727 /* GoogleService-Info.plist */; };
		2B26956728FF2D6E00EEF727 /* DatabaseManager.swift in Sources */ = {isa = PBXBuildFile; fileRef = 2B26956628FF2D6E00EEF727 /* DatabaseManager.swift */; };
		2B5DB0A028F8A62E0019EA29 /* AppDelegate.swift in Sources */ = {isa = PBXBuildFile; fileRef = 2B5DB09F28F8A62E0019EA29 /* AppDelegate.swift */; };
		2B5DB0A228F8A62E0019EA29 /* SceneDelegate.swift in Sources */ = {isa = PBXBuildFile; fileRef = 2B5DB0A128F8A62E0019EA29 /* SceneDelegate.swift */; };
		2B5DB0A428F8A62E0019EA29 /* ConversationsViewController.swift in Sources */ = {isa = PBXBuildFile; fileRef = 2B5DB0A328F8A62E0019EA29 /* ConversationsViewController.swift */; };
		2B5DB0A728F8A62E0019EA29 /* Main.storyboard in Resources */ = {isa = PBXBuildFile; fileRef = 2B5DB0A528F8A62E0019EA29 /* Main.storyboard */; };
		2B5DB0A928F8A6310019EA29 /* Assets.xcassets in Resources */ = {isa = PBXBuildFile; fileRef = 2B5DB0A828F8A6310019EA29 /* Assets.xcassets */; };
		2B5DB0AC28F8A6310019EA29 /* LaunchScreen.storyboard in Resources */ = {isa = PBXBuildFile; fileRef = 2B5DB0AA28F8A6310019EA29 /* LaunchScreen.storyboard */; };
		2B606B1A28F9E82700605148 /* LoginViewController.swift in Sources */ = {isa = PBXBuildFile; fileRef = 2B606B1928F9E82700605148 /* LoginViewController.swift */; };
		2B606B1C28F9E85C00605148 /* RegisterViewController.swift in Sources */ = {isa = PBXBuildFile; fileRef = 2B606B1B28F9E85C00605148 /* RegisterViewController.swift */; };
		2B606B1E28F9E87A00605148 /* PhotoViewerViewController.swift in Sources */ = {isa = PBXBuildFile; fileRef = 2B606B1D28F9E87A00605148 /* PhotoViewerViewController.swift */; };
		2B606B2028F9E89700605148 /* VideoPlayerViewController.swift in Sources */ = {isa = PBXBuildFile; fileRef = 2B606B1F28F9E89700605148 /* VideoPlayerViewController.swift */; };
		2B606B2228F9E8AF00605148 /* NewConversationViewController.swift in Sources */ = {isa = PBXBuildFile; fileRef = 2B606B2128F9E8AF00605148 /* NewConversationViewController.swift */; };
		2B606B2428F9E8C400605148 /* ProfileViewController.swift in Sources */ = {isa = PBXBuildFile; fileRef = 2B606B2328F9E8C400605148 /* ProfileViewController.swift */; };
		2B606B2728F9F2A000605148 /* Extensions.swift in Sources */ = {isa = PBXBuildFile; fileRef = 2B606B2628F9F2A000605148 /* Extensions.swift */; };
		E03F03A1D19062A43427E3E5 /* Pods_ChatApp.framework in Frameworks */ = {isa = PBXBuildFile; fileRef = EAB8A21B9A89F57E7BC773F3 /* Pods_ChatApp.framework */; };
/* End PBXBuildFile section */

/* Begin PBXFileReference section */
		2B26956428FF1E6600EEF727 /* GoogleService-Info.plist */ = {isa = PBXFileReference; fileEncoding = 4; lastKnownFileType = text.plist.xml; path = "GoogleService-Info.plist"; sourceTree = "<group>"; };
		2B26956628FF2D6E00EEF727 /* DatabaseManager.swift */ = {isa = PBXFileReference; lastKnownFileType = sourcecode.swift; path = DatabaseManager.swift; sourceTree = "<group>"; };
		2B5C2DB72902086C00FA6C56 /* ChatApp.entitlements */ = {isa = PBXFileReference; lastKnownFileType = text.plist.entitlements; path = ChatApp.entitlements; sourceTree = "<group>"; };
		2B5DB09C28F8A62E0019EA29 /* ChatApp.app */ = {isa = PBXFileReference; explicitFileType = wrapper.application; includeInIndex = 0; path = ChatApp.app; sourceTree = BUILT_PRODUCTS_DIR; };
		2B5DB09F28F8A62E0019EA29 /* AppDelegate.swift */ = {isa = PBXFileReference; lastKnownFileType = sourcecode.swift; path = AppDelegate.swift; sourceTree = "<group>"; };
		2B5DB0A128F8A62E0019EA29 /* SceneDelegate.swift */ = {isa = PBXFileReference; lastKnownFileType = sourcecode.swift; path = SceneDelegate.swift; sourceTree = "<group>"; };
		2B5DB0A328F8A62E0019EA29 /* ConversationsViewController.swift */ = {isa = PBXFileReference; lastKnownFileType = sourcecode.swift; path = ConversationsViewController.swift; sourceTree = "<group>"; };
		2B5DB0A628F8A62E0019EA29 /* Base */ = {isa = PBXFileReference; lastKnownFileType = file.storyboard; name = Base; path = Base.lproj/Main.storyboard; sourceTree = "<group>"; };
		2B5DB0A828F8A6310019EA29 /* Assets.xcassets */ = {isa = PBXFileReference; lastKnownFileType = folder.assetcatalog; path = Assets.xcassets; sourceTree = "<group>"; };
		2B5DB0AB28F8A6310019EA29 /* Base */ = {isa = PBXFileReference; lastKnownFileType = file.storyboard; name = Base; path = Base.lproj/LaunchScreen.storyboard; sourceTree = "<group>"; };
		2B5DB0AD28F8A6310019EA29 /* Info.plist */ = {isa = PBXFileReference; lastKnownFileType = text.plist.xml; path = Info.plist; sourceTree = "<group>"; };
		2B606B1928F9E82700605148 /* LoginViewController.swift */ = {isa = PBXFileReference; lastKnownFileType = sourcecode.swift; path = LoginViewController.swift; sourceTree = "<group>"; };
		2B606B1B28F9E85C00605148 /* RegisterViewController.swift */ = {isa = PBXFileReference; lastKnownFileType = sourcecode.swift; path = RegisterViewController.swift; sourceTree = "<group>"; };
		2B606B1D28F9E87A00605148 /* PhotoViewerViewController.swift */ = {isa = PBXFileReference; lastKnownFileType = sourcecode.swift; path = PhotoViewerViewController.swift; sourceTree = "<group>"; };
		2B606B1F28F9E89700605148 /* VideoPlayerViewController.swift */ = {isa = PBXFileReference; lastKnownFileType = sourcecode.swift; path = VideoPlayerViewController.swift; sourceTree = "<group>"; };
		2B606B2128F9E8AF00605148 /* NewConversationViewController.swift */ = {isa = PBXFileReference; lastKnownFileType = sourcecode.swift; path = NewConversationViewController.swift; sourceTree = "<group>"; };
		2B606B2328F9E8C400605148 /* ProfileViewController.swift */ = {isa = PBXFileReference; lastKnownFileType = sourcecode.swift; path = ProfileViewController.swift; sourceTree = "<group>"; };
		2B606B2628F9F2A000605148 /* Extensions.swift */ = {isa = PBXFileReference; lastKnownFileType = sourcecode.swift; path = Extensions.swift; sourceTree = "<group>"; };
		2C541A9035E3D922D16942C1 /* Pods-ChatApp.debug.xcconfig */ = {isa = PBXFileReference; includeInIndex = 1; lastKnownFileType = text.xcconfig; name = "Pods-ChatApp.debug.xcconfig"; path = "Target Support Files/Pods-ChatApp/Pods-ChatApp.debug.xcconfig"; sourceTree = "<group>"; };
		D3D5D5A4502FF9D7C039A34A /* Pods-ChatApp.release.xcconfig */ = {isa = PBXFileReference; includeInIndex = 1; lastKnownFileType = text.xcconfig; name = "Pods-ChatApp.release.xcconfig"; path = "Target Support Files/Pods-ChatApp/Pods-ChatApp.release.xcconfig"; sourceTree = "<group>"; };
		EAB8A21B9A89F57E7BC773F3 /* Pods_ChatApp.framework */ = {isa = PBXFileReference; explicitFileType = wrapper.framework; includeInIndex = 0; path = Pods_ChatApp.framework; sourceTree = BUILT_PRODUCTS_DIR; };
/* End PBXFileReference section */

/* Begin PBXFrameworksBuildPhase section */
		2B5DB09928F8A62E0019EA29 /* Frameworks */ = {
			isa = PBXFrameworksBuildPhase;
			buildActionMask = 2147483647;
			files = (
				E03F03A1D19062A43427E3E5 /* Pods_ChatApp.framework in Frameworks */,
			);
			runOnlyForDeploymentPostprocessing = 0;
		};
/* End PBXFrameworksBuildPhase section */

/* Begin PBXGroup section */
		2B5DB09328F8A62E0019EA29 = {
			isa = PBXGroup;
			children = (
				2B5DB09E28F8A62E0019EA29 /* ChatApp */,
				2B5DB09D28F8A62E0019EA29 /* Products */,
				5701D362AE98B82BC010F782 /* Pods */,
				FFE169A0EAC9BFBAA89BF3E6 /* Frameworks */,
			);
			sourceTree = "<group>";
		};
		2B5DB09D28F8A62E0019EA29 /* Products */ = {
			isa = PBXGroup;
			children = (
				2B5DB09C28F8A62E0019EA29 /* ChatApp.app */,
			);
			name = Products;
			sourceTree = "<group>";
		};
		2B5DB09E28F8A62E0019EA29 /* ChatApp */ = {
			isa = PBXGroup;
			children = (
				2B5C2DB72902086C00FA6C56 /* ChatApp.entitlements */,
				2B26956428FF1E6600EEF727 /* GoogleService-Info.plist */,
				2B606B1628F9E63300605148 /* Resources */,
				2B606B1528F9E62800605148 /* ViewModels */,
				2B606B1428F9E62100605148 /* Models */,
				2B606B1328F9E61B00605148 /* Views */,
				2B606B1228F9E61100605148 /* Controllers */,
				2B5DB0AD28F8A6310019EA29 /* Info.plist */,
			);
			path = ChatApp;
			sourceTree = "<group>";
		};
		2B606B1228F9E61100605148 /* Controllers */ = {
			isa = PBXGroup;
			children = (
				2B5DB0A328F8A62E0019EA29 /* ConversationsViewController.swift */,
				2B606B2528F9ECF400605148 /* Login */,
				2B606B1D28F9E87A00605148 /* PhotoViewerViewController.swift */,
				2B606B1F28F9E89700605148 /* VideoPlayerViewController.swift */,
				2B606B2128F9E8AF00605148 /* NewConversationViewController.swift */,
				2B606B2328F9E8C400605148 /* ProfileViewController.swift */,
			);
			path = Controllers;
			sourceTree = "<group>";
		};
		2B606B1328F9E61B00605148 /* Views */ = {
			isa = PBXGroup;
			children = (
				2B606B1728F9E67000605148 /* Storyboards */,
				2B5DB0A828F8A6310019EA29 /* Assets.xcassets */,
			);
			path = Views;
			sourceTree = "<group>";
		};
		2B606B1428F9E62100605148 /* Models */ = {
			isa = PBXGroup;
			children = (
			);
			path = Models;
			sourceTree = "<group>";
		};
		2B606B1528F9E62800605148 /* ViewModels */ = {
			isa = PBXGroup;
			children = (
			);
			path = ViewModels;
			sourceTree = "<group>";
		};
		2B606B1628F9E63300605148 /* Resources */ = {
			isa = PBXGroup;
			children = (
				2B5DB09F28F8A62E0019EA29 /* AppDelegate.swift */,
				2B5DB0A128F8A62E0019EA29 /* SceneDelegate.swift */,
				2B606B2628F9F2A000605148 /* Extensions.swift */,
				2B26956628FF2D6E00EEF727 /* DatabaseManager.swift */,
			);
			path = Resources;
			sourceTree = "<group>";
		};
		2B606B1728F9E67000605148 /* Storyboards */ = {
			isa = PBXGroup;
			children = (
				2B5DB0A528F8A62E0019EA29 /* Main.storyboard */,
				2B5DB0AA28F8A6310019EA29 /* LaunchScreen.storyboard */,
			);
			path = Storyboards;
			sourceTree = "<group>";
		};
		2B606B2528F9ECF400605148 /* Login */ = {
			isa = PBXGroup;
			children = (
				2B606B1928F9E82700605148 /* LoginViewController.swift */,
				2B606B1B28F9E85C00605148 /* RegisterViewController.swift */,
			);
			path = Login;
			sourceTree = "<group>";
		};
		5701D362AE98B82BC010F782 /* Pods */ = {
			isa = PBXGroup;
			children = (
				2C541A9035E3D922D16942C1 /* Pods-ChatApp.debug.xcconfig */,
				D3D5D5A4502FF9D7C039A34A /* Pods-ChatApp.release.xcconfig */,
			);
			path = Pods;
			sourceTree = "<group>";
		};
		FFE169A0EAC9BFBAA89BF3E6 /* Frameworks */ = {
			isa = PBXGroup;
			children = (
				EAB8A21B9A89F57E7BC773F3 /* Pods_ChatApp.framework */,
			);
			name = Frameworks;
			sourceTree = "<group>";
		};
/* End PBXGroup section */

/* Begin PBXNativeTarget section */
		2B5DB09B28F8A62E0019EA29 /* ChatApp */ = {
			isa = PBXNativeTarget;
			buildConfigurationList = 2B5DB0B028F8A6310019EA29 /* Build configuration list for PBXNativeTarget "ChatApp" */;
			buildPhases = (
				31ECBEF2B9E5383889D5C4F8 /* [CP] Check Pods Manifest.lock */,
				2B5DB09828F8A62E0019EA29 /* Sources */,
				2B5DB09928F8A62E0019EA29 /* Frameworks */,
				2B5DB09A28F8A62E0019EA29 /* Resources */,
				009220EDB7C004431FEC0B28 /* [CP] Embed Pods Frameworks */,
			);
			buildRules = (
			);
			dependencies = (
			);
			name = ChatApp;
			productName = ChatApp;
			productReference = 2B5DB09C28F8A62E0019EA29 /* ChatApp.app */;
			productType = "com.apple.product-type.application";
		};
/* End PBXNativeTarget section */

/* Begin PBXProject section */
		2B5DB09428F8A62E0019EA29 /* Project object */ = {
			isa = PBXProject;
			attributes = {
				BuildIndependentTargetsInParallel = 1;
				LastSwiftUpdateCheck = 1400;
				LastUpgradeCheck = 1400;
				TargetAttributes = {
					2B5DB09B28F8A62E0019EA29 = {
						CreatedOnToolsVersion = 14.0.1;
					};
				};
			};
			buildConfigurationList = 2B5DB09728F8A62E0019EA29 /* Build configuration list for PBXProject "ChatApp" */;
			compatibilityVersion = "Xcode 14.0";
			developmentRegion = en;
			hasScannedForEncodings = 0;
			knownRegions = (
				en,
				Base,
			);
			mainGroup = 2B5DB09328F8A62E0019EA29;
			productRefGroup = 2B5DB09D28F8A62E0019EA29 /* Products */;
			projectDirPath = "";
			projectRoot = "";
			targets = (
				2B5DB09B28F8A62E0019EA29 /* ChatApp */,
			);
		};
/* End PBXProject section */

/* Begin PBXResourcesBuildPhase section */
		2B5DB09A28F8A62E0019EA29 /* Resources */ = {
			isa = PBXResourcesBuildPhase;
			buildActionMask = 2147483647;
			files = (
				2B5DB0AC28F8A6310019EA29 /* LaunchScreen.storyboard in Resources */,
				2B26956528FF1E6600EEF727 /* GoogleService-Info.plist in Resources */,
				2B5DB0A928F8A6310019EA29 /* Assets.xcassets in Resources */,
				2B5DB0A728F8A62E0019EA29 /* Main.storyboard in Resources */,
			);
			runOnlyForDeploymentPostprocessing = 0;
		};
/* End PBXResourcesBuildPhase section */

/* Begin PBXShellScriptBuildPhase section */
		009220EDB7C004431FEC0B28 /* [CP] Embed Pods Frameworks */ = {
			isa = PBXShellScriptBuildPhase;
			buildActionMask = 2147483647;
			files = (
			);
			inputFileListPaths = (
				"${PODS_ROOT}/Target Support Files/Pods-ChatApp/Pods-ChatApp-frameworks-${CONFIGURATION}-input-files.xcfilelist",
			);
			name = "[CP] Embed Pods Frameworks";
			outputFileListPaths = (
				"${PODS_ROOT}/Target Support Files/Pods-ChatApp/Pods-ChatApp-frameworks-${CONFIGURATION}-output-files.xcfilelist",
			);
			runOnlyForDeploymentPostprocessing = 0;
			shellPath = /bin/sh;
			shellScript = "\"${PODS_ROOT}/Target Support Files/Pods-ChatApp/Pods-ChatApp-frameworks.sh\"\n";
			showEnvVarsInLog = 0;
		};
		31ECBEF2B9E5383889D5C4F8 /* [CP] Check Pods Manifest.lock */ = {
			isa = PBXShellScriptBuildPhase;
			buildActionMask = 2147483647;
			files = (
			);
			inputFileListPaths = (
			);
			inputPaths = (
				"${PODS_PODFILE_DIR_PATH}/Podfile.lock",
				"${PODS_ROOT}/Manifest.lock",
			);
			name = "[CP] Check Pods Manifest.lock";
			outputFileListPaths = (
			);
			outputPaths = (
				"$(DERIVED_FILE_DIR)/Pods-ChatApp-checkManifestLockResult.txt",
			);
			runOnlyForDeploymentPostprocessing = 0;
			shellPath = /bin/sh;
			shellScript = "diff \"${PODS_PODFILE_DIR_PATH}/Podfile.lock\" \"${PODS_ROOT}/Manifest.lock\" > /dev/null\nif [ $? != 0 ] ; then\n    # print error to STDERR\n    echo \"error: The sandbox is not in sync with the Podfile.lock. Run 'pod install' or update your CocoaPods installation.\" >&2\n    exit 1\nfi\n# This output is used by Xcode 'outputs' to avoid re-running this script phase.\necho \"SUCCESS\" > \"${SCRIPT_OUTPUT_FILE_0}\"\n";
			showEnvVarsInLog = 0;
		};
/* End PBXShellScriptBuildPhase section */

/* Begin PBXSourcesBuildPhase section */
		2B5DB09828F8A62E0019EA29 /* Sources */ = {
			isa = PBXSourcesBuildPhase;
			buildActionMask = 2147483647;
			files = (
				2B606B1A28F9E82700605148 /* LoginViewController.swift in Sources */,
				2B26956728FF2D6E00EEF727 /* DatabaseManager.swift in Sources */,
				2B606B1C28F9E85C00605148 /* RegisterViewController.swift in Sources */,
				2B606B2228F9E8AF00605148 /* NewConversationViewController.swift in Sources */,
				2B5DB0A428F8A62E0019EA29 /* ConversationsViewController.swift in Sources */,
				2B606B2028F9E89700605148 /* VideoPlayerViewController.swift in Sources */,
				2B606B2728F9F2A000605148 /* Extensions.swift in Sources */,
				2B5DB0A028F8A62E0019EA29 /* AppDelegate.swift in Sources */,
				2B606B2428F9E8C400605148 /* ProfileViewController.swift in Sources */,
				2B5DB0A228F8A62E0019EA29 /* SceneDelegate.swift in Sources */,
				2B606B1E28F9E87A00605148 /* PhotoViewerViewController.swift in Sources */,
			);
			runOnlyForDeploymentPostprocessing = 0;
		};
/* End PBXSourcesBuildPhase section */

/* Begin PBXVariantGroup section */
		2B5DB0A528F8A62E0019EA29 /* Main.storyboard */ = {
			isa = PBXVariantGroup;
			children = (
				2B5DB0A628F8A62E0019EA29 /* Base */,
			);
			name = Main.storyboard;
			sourceTree = "<group>";
		};
		2B5DB0AA28F8A6310019EA29 /* LaunchScreen.storyboard */ = {
			isa = PBXVariantGroup;
			children = (
				2B5DB0AB28F8A6310019EA29 /* Base */,
			);
			name = LaunchScreen.storyboard;
			sourceTree = "<group>";
		};
/* End PBXVariantGroup section */

/* Begin XCBuildConfiguration section */
		2B5DB0AE28F8A6310019EA29 /* Debug */ = {
			isa = XCBuildConfiguration;
			buildSettings = {
				ALWAYS_SEARCH_USER_PATHS = NO;
				CLANG_ANALYZER_NONNULL = YES;
				CLANG_ANALYZER_NUMBER_OBJECT_CONVERSION = YES_AGGRESSIVE;
				CLANG_CXX_LANGUAGE_STANDARD = "gnu++20";
				CLANG_ENABLE_MODULES = YES;
				CLANG_ENABLE_OBJC_ARC = YES;
				CLANG_ENABLE_OBJC_WEAK = YES;
				CLANG_WARN_BLOCK_CAPTURE_AUTORELEASING = YES;
				CLANG_WARN_BOOL_CONVERSION = YES;
				CLANG_WARN_COMMA = YES;
				CLANG_WARN_CONSTANT_CONVERSION = YES;
				CLANG_WARN_DEPRECATED_OBJC_IMPLEMENTATIONS = YES;
				CLANG_WARN_DIRECT_OBJC_ISA_USAGE = YES_ERROR;
				CLANG_WARN_DOCUMENTATION_COMMENTS = YES;
				CLANG_WARN_EMPTY_BODY = YES;
				CLANG_WARN_ENUM_CONVERSION = YES;
				CLANG_WARN_INFINITE_RECURSION = YES;
				CLANG_WARN_INT_CONVERSION = YES;
				CLANG_WARN_NON_LITERAL_NULL_CONVERSION = YES;
				CLANG_WARN_OBJC_IMPLICIT_RETAIN_SELF = YES;
				CLANG_WARN_OBJC_LITERAL_CONVERSION = YES;
				CLANG_WARN_OBJC_ROOT_CLASS = YES_ERROR;
				CLANG_WARN_QUOTED_INCLUDE_IN_FRAMEWORK_HEADER = YES;
				CLANG_WARN_RANGE_LOOP_ANALYSIS = YES;
				CLANG_WARN_STRICT_PROTOTYPES = YES;
				CLANG_WARN_SUSPICIOUS_MOVE = YES;
				CLANG_WARN_UNGUARDED_AVAILABILITY = YES_AGGRESSIVE;
				CLANG_WARN_UNREACHABLE_CODE = YES;
				CLANG_WARN__DUPLICATE_METHOD_MATCH = YES;
				COPY_PHASE_STRIP = NO;
				DEBUG_INFORMATION_FORMAT = dwarf;
				ENABLE_STRICT_OBJC_MSGSEND = YES;
				ENABLE_TESTABILITY = YES;
				GCC_C_LANGUAGE_STANDARD = gnu11;
				GCC_DYNAMIC_NO_PIC = NO;
				GCC_NO_COMMON_BLOCKS = YES;
				GCC_OPTIMIZATION_LEVEL = 0;
				GCC_PREPROCESSOR_DEFINITIONS = (
					"DEBUG=1",
					"$(inherited)",
				);
				GCC_WARN_64_TO_32_BIT_CONVERSION = YES;
				GCC_WARN_ABOUT_RETURN_TYPE = YES_ERROR;
				GCC_WARN_UNDECLARED_SELECTOR = YES;
				GCC_WARN_UNINITIALIZED_AUTOS = YES_AGGRESSIVE;
				GCC_WARN_UNUSED_FUNCTION = YES;
				GCC_WARN_UNUSED_VARIABLE = YES;
				IPHONEOS_DEPLOYMENT_TARGET = 16.0;
				MTL_ENABLE_DEBUG_INFO = INCLUDE_SOURCE;
				MTL_FAST_MATH = YES;
				ONLY_ACTIVE_ARCH = YES;
				SDKROOT = iphoneos;
				SWIFT_ACTIVE_COMPILATION_CONDITIONS = DEBUG;
				SWIFT_OPTIMIZATION_LEVEL = "-Onone";
			};
			name = Debug;
		};
		2B5DB0AF28F8A6310019EA29 /* Release */ = {
			isa = XCBuildConfiguration;
			buildSettings = {
				ALWAYS_SEARCH_USER_PATHS = NO;
				CLANG_ANALYZER_NONNULL = YES;
				CLANG_ANALYZER_NUMBER_OBJECT_CONVERSION = YES_AGGRESSIVE;
				CLANG_CXX_LANGUAGE_STANDARD = "gnu++20";
				CLANG_ENABLE_MODULES = YES;
				CLANG_ENABLE_OBJC_ARC = YES;
				CLANG_ENABLE_OBJC_WEAK = YES;
				CLANG_WARN_BLOCK_CAPTURE_AUTORELEASING = YES;
				CLANG_WARN_BOOL_CONVERSION = YES;
				CLANG_WARN_COMMA = YES;
				CLANG_WARN_CONSTANT_CONVERSION = YES;
				CLANG_WARN_DEPRECATED_OBJC_IMPLEMENTATIONS = YES;
				CLANG_WARN_DIRECT_OBJC_ISA_USAGE = YES_ERROR;
				CLANG_WARN_DOCUMENTATION_COMMENTS = YES;
				CLANG_WARN_EMPTY_BODY = YES;
				CLANG_WARN_ENUM_CONVERSION = YES;
				CLANG_WARN_INFINITE_RECURSION = YES;
				CLANG_WARN_INT_CONVERSION = YES;
				CLANG_WARN_NON_LITERAL_NULL_CONVERSION = YES;
				CLANG_WARN_OBJC_IMPLICIT_RETAIN_SELF = YES;
				CLANG_WARN_OBJC_LITERAL_CONVERSION = YES;
				CLANG_WARN_OBJC_ROOT_CLASS = YES_ERROR;
				CLANG_WARN_QUOTED_INCLUDE_IN_FRAMEWORK_HEADER = YES;
				CLANG_WARN_RANGE_LOOP_ANALYSIS = YES;
				CLANG_WARN_STRICT_PROTOTYPES = YES;
				CLANG_WARN_SUSPICIOUS_MOVE = YES;
				CLANG_WARN_UNGUARDED_AVAILABILITY = YES_AGGRESSIVE;
				CLANG_WARN_UNREACHABLE_CODE = YES;
				CLANG_WARN__DUPLICATE_METHOD_MATCH = YES;
				COPY_PHASE_STRIP = NO;
				DEBUG_INFORMATION_FORMAT = "dwarf-with-dsym";
				ENABLE_NS_ASSERTIONS = NO;
				ENABLE_STRICT_OBJC_MSGSEND = YES;
				GCC_C_LANGUAGE_STANDARD = gnu11;
				GCC_NO_COMMON_BLOCKS = YES;
				GCC_WARN_64_TO_32_BIT_CONVERSION = YES;
				GCC_WARN_ABOUT_RETURN_TYPE = YES_ERROR;
				GCC_WARN_UNDECLARED_SELECTOR = YES;
				GCC_WARN_UNINITIALIZED_AUTOS = YES_AGGRESSIVE;
				GCC_WARN_UNUSED_FUNCTION = YES;
				GCC_WARN_UNUSED_VARIABLE = YES;
				IPHONEOS_DEPLOYMENT_TARGET = 16.0;
				MTL_ENABLE_DEBUG_INFO = NO;
				MTL_FAST_MATH = YES;
				SDKROOT = iphoneos;
				SWIFT_COMPILATION_MODE = wholemodule;
				SWIFT_OPTIMIZATION_LEVEL = "-O";
				VALIDATE_PRODUCT = YES;
			};
			name = Release;
		};
		2B5DB0B128F8A6310019EA29 /* Debug */ = {
			isa = XCBuildConfiguration;
			baseConfigurationReference = 2C541A9035E3D922D16942C1 /* Pods-ChatApp.debug.xcconfig */;
			buildSettings = {
				ASSETCATALOG_COMPILER_APPICON_NAME = AppIcon;
				ASSETCATALOG_COMPILER_GLOBAL_ACCENT_COLOR_NAME = AccentColor;
				CODE_SIGN_ENTITLEMENTS = ChatApp/ChatApp.entitlements;
				CODE_SIGN_IDENTITY = "Apple Development";
				CODE_SIGN_STYLE = Automatic;
				CURRENT_PROJECT_VERSION = 1;
				DEVELOPMENT_TEAM = "";
				GENERATE_INFOPLIST_FILE = YES;
				INFOPLIST_FILE = ChatApp/Info.plist;
				INFOPLIST_KEY_UIApplicationSupportsIndirectInputEvents = YES;
				INFOPLIST_KEY_UILaunchStoryboardName = LaunchScreen;
				INFOPLIST_KEY_UIMainStoryboardFile = Main;
				INFOPLIST_KEY_UISupportedInterfaceOrientations = UIInterfaceOrientationPortrait;
				IPHONEOS_DEPLOYMENT_TARGET = 13.0;
				LD_RUNPATH_SEARCH_PATHS = (
					"$(inherited)",
					"@executable_path/Frameworks",
				);
				MARKETING_VERSION = 1.0;
				PRODUCT_BUNDLE_IDENTIFIER = com.mehmetakdeniz.ChatApp;
				PRODUCT_NAME = "$(TARGET_NAME)";
				PROVISIONING_PROFILE_SPECIFIER = "";
				SWIFT_EMIT_LOC_STRINGS = YES;
				SWIFT_VERSION = 5.0;
				TARGETED_DEVICE_FAMILY = "1,2";
			};
			name = Debug;
		};
		2B5DB0B228F8A6310019EA29 /* Release */ = {
			isa = XCBuildConfiguration;
			baseConfigurationReference = D3D5D5A4502FF9D7C039A34A /* Pods-ChatApp.release.xcconfig */;
			buildSettings = {
				ASSETCATALOG_COMPILER_APPICON_NAME = AppIcon;
				ASSETCATALOG_COMPILER_GLOBAL_ACCENT_COLOR_NAME = AccentColor;
				CODE_SIGN_ENTITLEMENTS = ChatApp/ChatApp.entitlements;
				CODE_SIGN_IDENTITY = "Apple Development";
				CODE_SIGN_STYLE = Automatic;
				CURRENT_PROJECT_VERSION = 1;
				DEVELOPMENT_TEAM = "";
				GENERATE_INFOPLIST_FILE = YES;
				INFOPLIST_FILE = ChatApp/Info.plist;
				INFOPLIST_KEY_UIApplicationSupportsIndirectInputEvents = YES;
				INFOPLIST_KEY_UILaunchStoryboardName = LaunchScreen;
				INFOPLIST_KEY_UIMainStoryboardFile = Main;
				INFOPLIST_KEY_UISupportedInterfaceOrientations = UIInterfaceOrientationPortrait;
				IPHONEOS_DEPLOYMENT_TARGET = 13.0;
				LD_RUNPATH_SEARCH_PATHS = (
					"$(inherited)",
					"@executable_path/Frameworks",
				);
				MARKETING_VERSION = 1.0;
				PRODUCT_BUNDLE_IDENTIFIER = com.mehmetakdeniz.ChatApp;
				PRODUCT_NAME = "$(TARGET_NAME)";
				PROVISIONING_PROFILE_SPECIFIER = "";
				SWIFT_EMIT_LOC_STRINGS = YES;
				SWIFT_VERSION = 5.0;
				TARGETED_DEVICE_FAMILY = "1,2";
			};
			name = Release;
		};
/* End XCBuildConfiguration section */

/* Begin XCConfigurationList section */
		2B5DB09728F8A62E0019EA29 /* Build configuration list for PBXProject "ChatApp" */ = {
			isa = XCConfigurationList;
			buildConfigurations = (
				2B5DB0AE28F8A6310019EA29 /* Debug */,
				2B5DB0AF28F8A6310019EA29 /* Release */,
			);
			defaultConfigurationIsVisible = 0;
			defaultConfigurationName = Release;
		};
		2B5DB0B028F8A6310019EA29 /* Build configuration list for PBXNativeTarget "ChatApp" */ = {
			isa = XCConfigurationList;
			buildConfigurations = (
				2B5DB0B128F8A6310019EA29 /* Debug */,
				2B5DB0B228F8A6310019EA29 /* Release */,
			);
			defaultConfigurationIsVisible = 0;
			defaultConfigurationName = Release;
		};
/* End XCConfigurationList section */
	};
	rootObject = 2B5DB09428F8A62E0019EA29 /* Project object */;
}
